{
  "name": "hls-video-element",
  "version": "1.0.1",
  "lockfileVersion": 3,
  "requires": true,
  "packages": {
    "": {
      "name": "hls-video-element",
      "version": "1.0.1",
      "license": "MIT",
      "dependencies": {
        "custom-media-element": "^1.0.2",
        "hls.js": "^1.4.12",
        "media-tracks": "^0.2.4"
      },
      "devDependencies": {
        "wet-run": "^0.5.1"
      }
    },
    "node_modules/custom-media-element": {
      "version": "1.0.2",
      "resolved": "https://registry.npmjs.org/custom-media-element/-/custom-media-element-1.0.2.tgz",
      "integrity": "sha512-UchmjPdEQvlN/xicQf+jut/4H76mV8/2zGXVfrlf7PM2sqUFNe5eqRBMc6cLgPrLN0vIRBmuWo+9ZU1RDFFPxw=="
    },
    "node_modules/hls.js": {
      "version": "1.4.12",
      "resolved": "https://registry.npmjs.org/hls.js/-/hls.js-1.4.12.tgz",
      "integrity": "sha512-1RBpx2VihibzE3WE9kGoVCtrhhDWTzydzElk/kyRbEOLnb1WIE+3ZabM/L8BqKFTCL3pUy4QzhXgD1Q6Igr1JA==",
      "license": "Apache-2.0"
    },
    "node_modules/media-tracks": {
      "version": "0.2.4",
      "resolved": "https://registry.npmjs.org/media-tracks/-/media-tracks-0.2.4.tgz",
      "integrity": "sha512-P/TbDCYTFH5gxpQ6r99iabXOwjsFwzKRgK7wiwo64Ii6nHXYhHtwEP7A7ufmEKxkNCoHc4j3Z2hvs+lXL4wPeQ==",
      "license": "MIT"
    },
    "node_modules/playwright-core": {
      "version": "1.36.1",
      "resolved": "https://registry.npmjs.org/playwright-core/-/playwright-core-1.36.1.tgz",
      "integrity": "sha512-7+tmPuMcEW4xeCL9cp9KxmYpQYHKkyjwoXRnoeTowaeNat8PoBMk/HwCYhqkH2fRkshfKEOiVus/IhID2Pg8kg==",
      "dev": true,
      "license": "Apache-2.0",
      "bin": {
        "playwright-core": "cli.js"
      },
      "engines": {
        "node": ">=16"
      }
    },
    "node_modules/wet-run": {
      "version": "0.5.1",
      "resolved": "https://registry.npmjs.org/wet-run/-/wet-run-0.5.1.tgz",
      "integrity": "sha512-a0ARnQueXwLTMtLLFEfdCPqMhxcGwSeU83bS2PY6/IQ/QTmSoC3D9rps5epAv9p1WJ6jmhiU/QG/Qpex1x5JLQ==",
      "dev": true,
      "dependencies": {
        "playwright-core": "^1.31.1"
      },
      "bin": {
        "wet": "src/cli.js"
      },
      "engines": {
        "node": ">=18.3.0"
      }
    }
  }
}
