{
  "name": "hls-video-element",
  "version": "1.1.1",
  "lockfileVersion": 3,
  "requires": true,
  "packages": {
    "": {
      "name": "hls-video-element",
      "version": "1.1.1",
      "license": "MIT",
      "dependencies": {
        "custom-media-element": "^1.2.3",
        "hls.js": "^1.5.4",
        "media-tracks": "^0.3.0"
      },
      "devDependencies": {
        "wet-run": "^1.0.3"
      }
    },
    "node_modules/@hono/node-server": {
      "version": "1.3.3",
      "resolved": "https://registry.npmjs.org/@hono/node-server/-/node-server-1.3.3.tgz",
      "integrity": "sha512-zD+TJvSBb5rqx5KSRlpoxNM3ESC8JU3pdecNZc2nK/TJSt88Ae/ko2nKnzYqX2IDegc+4hxLs8CW92B683C2VQ==",
      "dev": true,
      "engines": {
        "node": ">=18.14.1"
      }
    },
    "node_modules/custom-media-element": {
      "version": "1.2.3",
      "resolved": "https://registry.npmjs.org/custom-media-element/-/custom-media-element-1.2.3.tgz",
      "integrity": "sha512-xr9Hbrslkjm1fapJP5hL98pySeZmNepBSefQS/XTxynamqPTfRBK5MnhReMOiAj8xvJApVPrVnlYxIrknay8jg=="
    },
    "node_modules/hls.js": {
      "version": "1.5.4",
      "resolved": "https://registry.npmjs.org/hls.js/-/hls.js-1.5.4.tgz",
      "integrity": "sha512-MB+e+tcBl+A/EamWvsvx7d/3m9JOLi3wbLaXyZdHlscgXkhiX5zajJxnt7lzn/w9ONxs5qaFTp/kkIMI9fD4KA=="
    },
    "node_modules/hono": {
      "version": "3.11.8",
      "resolved": "https://registry.npmjs.org/hono/-/hono-3.11.8.tgz",
      "integrity": "sha512-s+7FDN0CS0lAvooyj4oQw0PyEec7I+YuVg40gtFHuUrfHBEhKITrLu4dskTdeYn0Xvhbz7s4yRJebJx6gCN/5Q==",
      "dev": true,
      "engines": {
        "node": ">=16.0.0"
      }
    },
    "node_modules/media-tracks": {
      "version": "0.3.0",
      "resolved": "https://registry.npmjs.org/media-tracks/-/media-tracks-0.3.0.tgz",
      "integrity": "sha512-kicD8eOFwe6nD7jn7iM/0yuLzWuo6abWHURYwY7NhxL1dBif+lt0on4rLTs6VhKwAEE/BjT3wr+0vn1w8SBpag=="
    },
    "node_modules/playwright-core": {
      "version": "1.40.1",
      "resolved": "https://registry.npmjs.org/playwright-core/-/playwright-core-1.40.1.tgz",
      "integrity": "sha512-+hkOycxPiV534c4HhpfX6yrlawqVUzITRKwHAmYfmsVreltEl6fAZJ3DPfLMOODw0H3s1Itd6MDCWmP1fl/QvQ==",
      "dev": true,
      "bin": {
        "playwright-core": "cli.js"
      },
      "engines": {
        "node": ">=16"
      }
    },
    "node_modules/wet-run": {
      "version": "1.0.3",
      "resolved": "https://registry.npmjs.org/wet-run/-/wet-run-1.0.3.tgz",
      "integrity": "sha512-FHjxk+JmxWuQRCv+CMhceRzmFis47N0kQpNs9PCiPai1Vev4XxUnVGUeHQt2RHmup1f+xL3j1ARqEyZe3gXBvQ==",
      "dev": true,
      "dependencies": {
        "@hono/node-server": "^1.3.3",
        "hono": "^3.11.7",
        "playwright-core": "^1.40.1",
        "ws": "^8.15.1"
      },
      "bin": {
        "wet": "src/cli.js"
      },
      "engines": {
        "node": ">=18.3.0"
      }
    },
    "node_modules/ws": {
      "version": "8.15.1",
      "resolved": "https://registry.npmjs.org/ws/-/ws-8.15.1.tgz",
      "integrity": "sha512-W5OZiCjXEmk0yZ66ZN82beM5Sz7l7coYxpRkzS+p9PP+ToQry8szKh+61eNktr7EA9DOwvFGhfC605jDHbP6QQ==",
      "dev": true,
      "engines": {
        "node": ">=10.0.0"
      },
      "peerDependencies": {
        "bufferutil": "^4.0.1",
        "utf-8-validate": ">=5.0.2"
      },
      "peerDependenciesMeta": {
        "bufferutil": {
          "optional": true
        },
        "utf-8-validate": {
          "optional": true
        }
      }
    }
  }
}
