{
  "name": "hls-video-element",
  "version": "1.1.1",
  "lockfileVersion": 3,
  "requires": true,
  "packages": {
    "": {
      "name": "hls-video-element",
      "version": "1.1.1",
      "license": "MIT",
      "dependencies": {
        "custom-media-element": "^1.1.0",
        "hls.js": "^1.4.12",
        "media-tracks": "^0.2.4"
      },
      "devDependencies": {
        "wet-run": "^1.0.0"
      }
    },
    "node_modules/@hono/node-server": {
      "version": "1.3.3",
      "resolved": "https://registry.npmjs.org/@hono/node-server/-/node-server-1.3.3.tgz",
      "integrity": "sha512-zD+TJvSBb5rqx5KSRlpoxNM3ESC8JU3pdecNZc2nK/TJSt88Ae/ko2nKnzYqX2IDegc+4hxLs8CW92B683C2VQ==",
      "dev": true,
      "engines": {
        "node": ">=18.14.1"
      }
    },
    "node_modules/custom-media-element": {
      "version": "1.1.0",
      "resolved": "https://registry.npmjs.org/custom-media-element/-/custom-media-element-1.1.0.tgz",
      "integrity": "sha512-G/SLCdlrZPqboB7TvK7Vk3lAC5Q2WF2CsqSUoMD9XMwEB7X8eOH8Iy+ipPofHSCU/6wYLC3O9gHtcI1oimwoTg=="
    },
    "node_modules/hls.js": {
      "version": "1.4.12",
      "resolved": "https://registry.npmjs.org/hls.js/-/hls.js-1.4.12.tgz",
      "integrity": "sha512-1RBpx2VihibzE3WE9kGoVCtrhhDWTzydzElk/kyRbEOLnb1WIE+3ZabM/L8BqKFTCL3pUy4QzhXgD1Q6Igr1JA==",
      "license": "Apache-2.0"
    },
    "node_modules/hono": {
      "version": "3.11.8",
      "resolved": "https://registry.npmjs.org/hono/-/hono-3.11.8.tgz",
      "integrity": "sha512-s+7FDN0CS0lAvooyj4oQw0PyEec7I+YuVg40gtFHuUrfHBEhKITrLu4dskTdeYn0Xvhbz7s4yRJebJx6gCN/5Q==",
      "dev": true,
      "engines": {
        "node": ">=16.0.0"
      }
    },
    "node_modules/media-tracks": {
      "version": "0.2.4",
      "resolved": "https://registry.npmjs.org/media-tracks/-/media-tracks-0.2.4.tgz",
      "integrity": "sha512-P/TbDCYTFH5gxpQ6r99iabXOwjsFwzKRgK7wiwo64Ii6nHXYhHtwEP7A7ufmEKxkNCoHc4j3Z2hvs+lXL4wPeQ==",
      "license": "MIT"
    },
    "node_modules/playwright-core": {
      "version": "1.40.1",
      "resolved": "https://registry.npmjs.org/playwright-core/-/playwright-core-1.40.1.tgz",
      "integrity": "sha512-+hkOycxPiV534c4HhpfX6yrlawqVUzITRKwHAmYfmsVreltEl6fAZJ3DPfLMOODw0H3s1Itd6MDCWmP1fl/QvQ==",
      "dev": true,
      "bin": {
        "playwright-core": "cli.js"
      },
      "engines": {
        "node": ">=16"
      }
    },
    "node_modules/wet-run": {
      "version": "1.0.0",
      "resolved": "https://registry.npmjs.org/wet-run/-/wet-run-1.0.0.tgz",
      "integrity": "sha512-uPPYkEEBuY8lZbF6lsOubBg6jsJndtwwpYJsagBf/y8rMUHg/hN88oMRvyLlzoDIK7ImM6R8kCuWQNsMlFya9g==",
      "dev": true,
      "dependencies": {
        "@hono/node-server": "^1.3.3",
        "hono": "^3.11.7",
        "playwright-core": "^1.40.1",
        "ws": "^8.15.1"
      },
      "bin": {
        "wet": "src/cli.js"
      },
      "engines": {
        "node": ">=18.3.0"
      }
    },
    "node_modules/ws": {
      "version": "8.15.1",
      "resolved": "https://registry.npmjs.org/ws/-/ws-8.15.1.tgz",
      "integrity": "sha512-W5OZiCjXEmk0yZ66ZN82beM5Sz7l7coYxpRkzS+p9PP+ToQry8szKh+61eNktr7EA9DOwvFGhfC605jDHbP6QQ==",
      "dev": true,
      "engines": {
        "node": ">=10.0.0"
      },
      "peerDependencies": {
        "bufferutil": "^4.0.1",
        "utf-8-validate": ">=5.0.2"
      },
      "peerDependenciesMeta": {
        "bufferutil": {
          "optional": true
        },
        "utf-8-validate": {
          "optional": true
        }
      }
    }
  }
}
