# THIS IS AN AUTOGENERATED FILE. DO NOT EDIT THIS FILE DIRECTLY.
# yarn lockfile v1


custom-media-element@^0.2.0:
  version "0.2.0"
  resolved "https://registry.yarnpkg.com/custom-media-element/-/custom-media-element-0.2.0.tgz#bc25ee504d126c8fca9bfde81c8abc26f4d46e99"
  integrity sha512-N++UzR1COFip4DrtZkS99VDCcQvVCJmbqI7qaxZtHWKdAv/RUYIOnmJbP/HHk2un0PjvtFNKHfNLiFsd9BmnMQ==

hls.js@^1.4.9:
  version "1.4.9"
  resolved "https://registry.yarnpkg.com/hls.js/-/hls.js-1.4.9.tgz#8b23b029cafda4b64ef1c5acd4f65c4f245103d7"
  integrity sha512-i2BuNh7C7sd+wpW1V9p+P37KKCWNc6Ph/3BiPr+8nfJ7eZdtQQvSQUn2QwKU+7Fvc7b5BpS/lM6RJ3LUf+XbWg==

media-tracks@^0.2.2:
  version "0.2.2"
  resolved "https://registry.yarnpkg.com/media-tracks/-/media-tracks-0.2.2.tgz#af95183cebba9d8692227ec91d8544076475da9d"
  integrity sha512-ldceHC8agUxPT8BGX1JUEqP7hKLOLoqz3dB4/06QxJLH4UlfZoBOcM+oCt/bJ+mcUPDCNtWQu7VsYei1Nci8Dw==

playwright-core@^1.31.1:
  version "1.36.1"
  resolved "https://registry.yarnpkg.com/playwright-core/-/playwright-core-1.36.1.tgz#f5f275d70548768ca892583519c89b237a381c77"
  integrity sha512-7+tmPuMcEW4xeCL9cp9KxmYpQYHKkyjwoXRnoeTowaeNat8PoBMk/HwCYhqkH2fRkshfKEOiVus/IhID2Pg8kg==

wet-run@^0.2.0:
  version "0.2.0"
  resolved "https://registry.yarnpkg.com/wet-run/-/wet-run-0.2.0.tgz#684be1a89c207d0c44a8cefa77eb9dfa7bc7a04d"
  integrity sha512-tk+9aQN6Avvhy5vLeOHvAm3xv0Ztvx5RavNkA3sdzVX1Kyojhlo2g473ERC7sutDpXhNXL7O9vtv8V/tRqQXRQ==
  dependencies:
    playwright-core "^1.31.1"
